
Microsoft Visual Studio Solution File, Format Version 12.00
# Visual Studio Version 17
VisualStudioVersion = 17.8.34205.153
MinimumVisualStudioVersion = 10.0.40219.1
Project("{9A19103F-16F7-4668-BE54-9A1E7A4F7556}") = "DevExtreme.AspNet.Data", "DevExtreme.AspNet.Data\DevExtreme.AspNet.Data.csproj", "{F91204F2-1F3A-433F-871D-5F31B769FA90}"
EndProject
Project("{9A19103F-16F7-4668-BE54-9A1E7A4F7556}") = "MongoDriverSample", "MongoDriverSample\MongoDriverSample.csproj", "{3B47DF82-98AC-4680-8FAE-52A6258C806B}"
EndProject
Global
	GlobalSection(SolutionConfigurationPlatforms) = preSolution
		Debug|Any CPU = Debug|Any CPU
		Release|Any CPU = Release|Any CPU
	EndGlobalSection
	GlobalSection(ProjectConfigurationPlatforms) = postSolution
		{F91204F2-1F3A-433F-871D-5F31B769FA90}.Debug|Any CPU.ActiveCfg = Debug|Any CPU
		{F91204F2-1F3A-433F-871D-5F31B769FA90}.Debug|Any CPU.Build.0 = Debug|Any CPU
		{F91204F2-1F3A-433F-871D-5F31B769FA90}.Release|Any CPU.ActiveCfg = Release|Any CPU
		{F91204F2-1F3A-433F-871D-5F31B769FA90}.Release|Any CPU.Build.0 = Release|Any CPU
		{3B47DF82-98AC-4680-8FAE-52A6258C806B}.Debug|Any CPU.ActiveCfg = Debug|Any CPU
		{3B47DF82-98AC-4680-8FAE-52A6258C806B}.Debug|Any CPU.Build.0 = Debug|Any CPU
		{3B47DF82-98AC-4680-8FAE-52A6258C806B}.Release|Any CPU.ActiveCfg = Release|Any CPU
		{3B47DF82-98AC-4680-8FAE-52A6258C806B}.Release|Any CPU.Build.0 = Release|Any CPU
	EndGlobalSection
	GlobalSection(SolutionProperties) = preSolution
		HideSolutionNode = FALSE
	EndGlobalSection
EndGlobal
